# Code generated by scarb DO NOT EDIT.
version = 1

[[package]]
name = "nine_cairo"
version = "0.1.0"
dependencies = [
 "openzeppelin_testing",
 "openzeppelin_utils",
 "snforge_std",
]

[[package]]
name = "openzeppelin_testing"
version = "3.0.0"
source = "registry+https://scarbs.xyz/"
checksum = "sha256:fef2baa73bc86044edcc63eec7a8345c652a7f90420b987d811251736f7eb317"
dependencies = [
 "snforge_std",
]

[[package]]
name = "openzeppelin_utils"
version = "1.0.0"
source = "registry+https://scarbs.xyz/"
checksum = "sha256:fd348b31c4a4407add33adc3c2b8f26dca71dbd7431faaf726168f37a91db0c1"

[[package]]
name = "snforge_scarb_plugin"
version = "0.41.0"
source = "registry+https://scarbs.xyz/"
checksum = "sha256:7228a3ea74d8decfb2294cee9251b537bbd58b3e243e9327f55e72a99ab5fb53"

[[package]]
name = "snforge_std"
version = "0.41.0"
source = "registry+https://scarbs.xyz/"
checksum = "sha256:edf116cbf62cbe2487f188cf28ceb9f42b08cfa14e197524281c3ce932f4a5e6"
dependencies = [
 "snforge_scarb_plugin",
]
